
Microsoft Visual Studio Solution File, Format Version 12.00
# Visual Studio Version 17
VisualStudioVersion = 17.10.35013.160
MinimumVisualStudioVersion = 10.0.40219.1
Project("{9A19103F-16F7-4668-BE54-9A1E7A4F7556}") = "CountingWhiz20", "CountingWhiz20\CountingWhiz20.csproj", "{F4D3D778-0422-4609-A364-5F324CD74E38}"
EndProject
Project("{2150E333-8FDC-42A3-9474-1A3956D46DE8}") = "Solution Items", "Solution Items", "{B89A8884-0EBC-4567-B69B-DFB12EBFEB5C}"
	ProjectSection(SolutionItems) = preProject
		.editorconfig = .editorconfig
		GitVersion.yml = GitVersion.yml
		.github\workflows\ci.yml = .github\workflows\ci.yml
		PrivacyPolicy.md = PrivacyPolicy.md
		README.md = README.md
		Update-Csproj.ps1 = Update-Csproj.ps1
	EndProjectSection
EndProject
Global
	GlobalSection(SolutionConfigurationPlatforms) = preSolution
		Debug|Any CPU = Debug|Any CPU
		Release|Any CPU = Release|Any CPU
	EndGlobalSection
	GlobalSection(ProjectConfigurationPlatforms) = postSolution
		{F4D3D778-0422-4609-A364-5F324CD74E38}.Debug|Any CPU.ActiveCfg = Debug|Any CPU
		{F4D3D778-0422-4609-A364-5F324CD74E38}.Debug|Any CPU.Build.0 = Debug|Any CPU
		{F4D3D778-0422-4609-A364-5F324CD74E38}.Debug|Any CPU.Deploy.0 = Debug|Any CPU
		{F4D3D778-0422-4609-A364-5F324CD74E38}.Release|Any CPU.ActiveCfg = Release|Any CPU
		{F4D3D778-0422-4609-A364-5F324CD74E38}.Release|Any CPU.Build.0 = Release|Any CPU
		{F4D3D778-0422-4609-A364-5F324CD74E38}.Release|Any CPU.Deploy.0 = Release|Any CPU
	EndGlobalSection
	GlobalSection(SolutionProperties) = preSolution
		HideSolutionNode = FALSE
	EndGlobalSection
	GlobalSection(ExtensibilityGlobals) = postSolution
		SolutionGuid = {AA8795DA-5D75-4EC3-A1FB-4FCA75F89CC6}
	EndGlobalSection
EndGlobal
